{
  "lockfileVersion": 1,
  "dependencies": {
    "phoenix": {
      "version": "1.3.0",
      "resolved": "https://registry.npmjs.org/phoenix/-/phoenix-1.3.0.tgz",
      "integrity": "sha512-g1I6kJKTQx7wGsJCc2b1RfXeHUfITTV5kdqJPFoqmrGDfFEKQIrQkkBtv8QeJ0s1iN9+vvryrQLv+4SfmH/wqg=="
    },
    "phoenix_html": {
      "version": "2.10.4",
      "resolved": "https://registry.npmjs.org/phoenix_html/-/phoenix_html-2.10.4.tgz",
      "integrity": "sha512-dwUTATVCgpEDLASH+viMgPoWK7SLVmz5xFNNIC+A4tW3h5msg3F/epCjLlDZJKX+wQmNF8fB3VgLoN9qRYPAcQ=="
    }
  }
}
